
Microsoft Visual Studio Solution File, Format Version 12.00
# Visual Studio 14
VisualStudioVersion = 14.0.25420.1
MinimumVisualStudioVersion = 10.0.40219.1
Project("{FAE04EC0-301F-11D3-BF4B-00C04F79EFBC}") = "TeslaCamViewer", "TeslaCamViewer\TeslaCamViewer.csproj", "{5BDBC37C-8572-4269-8D5D-9FEB2B449DEE}"
EndProject
Project("{2150E333-8FDC-42A3-9474-1A3956D46DE8}") = "Solution Items", "Solution Items", "{FB437AEC-7E55-4EC8-AF60-1B3E56CA9F3B}"
	ProjectSection(SolutionItems) = preProject
		..\README.md = ..\README.md
	EndProjectSection
EndProject
Global
	GlobalSection(SolutionConfigurationPlatforms) = preSolution
		Debug|Any CPU = Debug|Any CPU
		Release|Any CPU = Release|Any CPU
	EndGlobalSection
	GlobalSection(ProjectConfigurationPlatforms) = postSolution
		{5BDBC37C-8572-4269-8D5D-9FEB2B449DEE}.Debug|Any CPU.ActiveCfg = Debug|Any CPU
		{5BDBC37C-8572-4269-8D5D-9FEB2B449DEE}.Debug|Any CPU.Build.0 = Debug|Any CPU
		{5BDBC37C-8572-4269-8D5D-9FEB2B449DEE}.Release|Any CPU.ActiveCfg = Release|Any CPU
		{5BDBC37C-8572-4269-8D5D-9FEB2B449DEE}.Release|Any CPU.Build.0 = Release|Any CPU
	EndGlobalSection
	GlobalSection(SolutionProperties) = preSolution
		HideSolutionNode = FALSE
	EndGlobalSection
EndGlobal
